
Microsoft Visual Studio Solution File, Format Version 12.00
# Visual Studio Version 16
VisualStudioVersion = 16.0.29020.237
MinimumVisualStudioVersion = 10.0.40219.1
Project("{FAE04EC0-301F-11D3-BF4B-00C04F79EFBC}") = "TestKeyboard", "TestKeyboard\TestKeyboard.csproj", "{B258CF6C-9234-4450-B0F2-0A0396DBE4D6}"
EndProject
Global
	GlobalSection(SolutionConfigurationPlatforms) = preSolution
		Debug|Any CPU = Debug|Any CPU
		Release|Any CPU = Release|Any CPU
	EndGlobalSection
	GlobalSection(ProjectConfigurationPlatforms) = postSolution
		{B258CF6C-9234-4450-B0F2-0A0396DBE4D6}.Debug|Any CPU.ActiveCfg = Debug|Any CPU
		{B258CF6C-9234-4450-B0F2-0A0396DBE4D6}.Debug|Any CPU.Build.0 = Debug|Any CPU
		{B258CF6C-9234-4450-B0F2-0A0396DBE4D6}.Release|Any CPU.ActiveCfg = Release|Any CPU
		{B258CF6C-9234-4450-B0F2-0A0396DBE4D6}.Release|Any CPU.Build.0 = Release|Any CPU
	EndGlobalSection
	GlobalSection(SolutionProperties) = preSolution
		HideSolutionNode = FALSE
	EndGlobalSection
	GlobalSection(ExtensibilityGlobals) = postSolution
		SolutionGuid = {EC924ABA-766B-4961-A186-310DC35C1594}
	EndGlobalSection
EndGlobal
